// !$*UTF8*$!
{
	archiveVersion = 1;
	classes = {
	};
	objectVersion = 46;
	objects = {

/* Begin PBXBuildFile section */
		17392E151AA0DFDF00304102 /* MenuHeaderCell.swift in Sources */ = {isa = PBXBuildFile; fileRef = 17392E141AA0DFDF00304102 /* MenuHeaderCell.swift */; };
		173F04CE1AA0BCA200DAAB60 /* ArrayExtensions.swift in Sources */ = {isa = PBXBuildFile; fileRef = 173F04CD1AA0BCA200DAAB60 /* ArrayExtensions.swift */; };
		173F04D01AA0C3B400DAAB60 /* MainNavigationController.swift in Sources */ = {isa = PBXBuildFile; fileRef = 173F04CF1AA0C3B400DAAB60 /* MainNavigationController.swift */; };
		176E1CD31A8E246900C3E4FD /* AppDelegate.swift in Sources */ = {isa = PBXBuildFile; fileRef = 176E1CD21A8E246900C3E4FD /* AppDelegate.swift */; };
		176E1CD51A8E246900C3E4FD /* ViewController.swift in Sources */ = {isa = PBXBuildFile; fileRef = 176E1CD41A8E246900C3E4FD /* ViewController.swift */; };
		176E1CD81A8E246900C3E4FD /* Main.storyboard in Resources */ = {isa = PBXBuildFile; fileRef = 176E1CD61A8E246900C3E4FD /* Main.storyboard */; };
		176E1CDA1A8E246900C3E4FD /* Images.xcassets in Resources */ = {isa = PBXBuildFile; fileRef = 176E1CD91A8E246900C3E4FD /* Images.xcassets */; };
		176E1CDD1A8E246900C3E4FD /* LaunchScreen.xib in Resources */ = {isa = PBXBuildFile; fileRef = 176E1CDB1A8E246900C3E4FD /* LaunchScreen.xib */; };
		176E1CE91A8E246900C3E4FD /* GuardiansWorldButtonPrototypeTests.swift in Sources */ = {isa = PBXBuildFile; fileRef = 176E1CE81A8E246900C3E4FD /* GuardiansWorldButtonPrototypeTests.swift */; };
		176E1CF31A8E414900C3E4FD /* MenuTableViewController.swift in Sources */ = {isa = PBXBuildFile; fileRef = 176E1CF21A8E414900C3E4FD /* MenuTableViewController.swift */; };
		176E1CF51A8E458100C3E4FD /* MenuItemCell.swift in Sources */ = {isa = PBXBuildFile; fileRef = 176E1CF41A8E458100C3E4FD /* MenuItemCell.swift */; };
		176E1CF91A8E4E7B00C3E4FD /* MenuItemModel.swift in Sources */ = {isa = PBXBuildFile; fileRef = 176E1CF81A8E4E7B00C3E4FD /* MenuItemModel.swift */; };
		5C87E6641A9B4A38003CC587 /* MainMenuViewController.swift in Sources */ = {isa = PBXBuildFile; fileRef = 5C87E6631A9B4A38003CC587 /* MainMenuViewController.swift */; };
		5C87E6661A9B7AB7003CC587 /* TopicTableHandler.swift in Sources */ = {isa = PBXBuildFile; fileRef = 5C87E6651A9B7AB7003CC587 /* TopicTableHandler.swift */; };
		5CD97CFA1A9213AD00E1E880 /* ks1.jpg in Resources */ = {isa = PBXBuildFile; fileRef = 5CD97CF91A9213AD00E1E880 /* ks1.jpg */; };
		5CD97D021A92231B00E1E880 /* five.png in Resources */ = {isa = PBXBuildFile; fileRef = 5CD97CFC1A92231B00E1E880 /* five.png */; };
		5CD97D031A92231B00E1E880 /* four.png in Resources */ = {isa = PBXBuildFile; fileRef = 5CD97CFD1A92231B00E1E880 /* four.png */; };
		5CD97D041A92231B00E1E880 /* one.png in Resources */ = {isa = PBXBuildFile; fileRef = 5CD97CFE1A92231B00E1E880 /* one.png */; };
		5CD97D051A92231B00E1E880 /* six.png in Resources */ = {isa = PBXBuildFile; fileRef = 5CD97CFF1A92231B00E1E880 /* six.png */; };
		5CD97D061A92231B00E1E880 /* three.png in Resources */ = {isa = PBXBuildFile; fileRef = 5CD97D001A92231B00E1E880 /* three.png */; };
		5CD97D071A92231B00E1E880 /* two.png in Resources */ = {isa = PBXBuildFile; fileRef = 5CD97D011A92231B00E1E880 /* two.png */; };
		5CD97D091A92251700E1E880 /* seven.png in Resources */ = {isa = PBXBuildFile; fileRef = 5CD97D081A92251700E1E880 /* seven.png */; };
		5CD97D0B1A92252200E1E880 /* eight.png in Resources */ = {isa = PBXBuildFile; fileRef = 5CD97D0A1A92252200E1E880 /* eight.png */; };
		5CD97D0D1A92252900E1E880 /* nine.png in Resources */ = {isa = PBXBuildFile; fileRef = 5CD97D0C1A92252900E1E880 /* nine.png */; };
		5CD97D0F1A925D0200E1E880 /* TopicCell.swift in Sources */ = {isa = PBXBuildFile; fileRef = 5CD97D0E1A925D0200E1E880 /* TopicCell.swift */; };
		5CD97D111A925E9900E1E880 /* TopicTableTableViewController.swift in Sources */ = {isa = PBXBuildFile; fileRef = 5CD97D101A925E9900E1E880 /* TopicTableTableViewController.swift */; };
		5CD97D131A925ED600E1E880 /* TopicModel.swift in Sources */ = {isa = PBXBuildFile; fileRef = 5CD97D121A925ED600E1E880 /* TopicModel.swift */; };
		5CD97D151A935B1700E1E880 /* TopicViewController.swift in Sources */ = {isa = PBXBuildFile; fileRef = 5CD97D141A935B1700E1E880 /* TopicViewController.swift */; };
		5CD97D1E1A95FFA500E1E880 /* Dogs3.jpg in Resources */ = {isa = PBXBuildFile; fileRef = 5CD97D171A95FFA500E1E880 /* Dogs3.jpg */; };
		5CD97D1F1A95FFA500E1E880 /* Dogs4.jpg in Resources */ = {isa = PBXBuildFile; fileRef = 5CD97D181A95FFA500E1E880 /* Dogs4.jpg */; };
		5CD97D201A95FFA500E1E880 /* Dogs1.jpg in Resources */ = {isa = PBXBuildFile; fileRef = 5CD97D191A95FFA500E1E880 /* Dogs1.jpg */; };
		5CD97D211A95FFA500E1E880 /* Dogs2.jpg in Resources */ = {isa = PBXBuildFile; fileRef = 5CD97D1A1A95FFA500E1E880 /* Dogs2.jpg */; };
		5CD97D221A95FFA500E1E880 /* Dogs5.jpg in Resources */ = {isa = PBXBuildFile; fileRef = 5CD97D1B1A95FFA500E1E880 /* Dogs5.jpg */; };
		5CD97D241A95FFA500E1E880 /* Dogs6.jpg in Resources */ = {isa = PBXBuildFile; fileRef = 5CD97D1D1A95FFA500E1E880 /* Dogs6.jpg */; };
		5CD97D261A961DC200E1E880 /* SlidingButtonMenuViewController.swift in Sources */ = {isa = PBXBuildFile; fileRef = 5CD97D251A961DC200E1E880 /* SlidingButtonMenuViewController.swift */; };
/* End PBXBuildFile section */

/* Begin PBXContainerItemProxy section */
		176E1CE31A8E246900C3E4FD /* PBXContainerItemProxy */ = {
			isa = PBXContainerItemProxy;
			containerPortal = 176E1CC51A8E246900C3E4FD /* Project object */;
			proxyType = 1;
			remoteGlobalIDString = 176E1CCC1A8E246900C3E4FD;
			remoteInfo = GuardiansWorldButtonPrototype;
		};
/* End PBXContainerItemProxy section */

/* Begin PBXFileReference section */
		17392E141AA0DFDF00304102 /* MenuHeaderCell.swift */ = {isa = PBXFileReference; fileEncoding = 4; lastKnownFileType = sourcecode.swift; path = MenuHeaderCell.swift; sourceTree = "<group>"; };
		173F04CD1AA0BCA200DAAB60 /* ArrayExtensions.swift */ = {isa = PBXFileReference; fileEncoding = 4; lastKnownFileType = sourcecode.swift; path = ArrayExtensions.swift; sourceTree = "<group>"; };
		173F04CF1AA0C3B400DAAB60 /* MainNavigationController.swift */ = {isa = PBXFileReference; fileEncoding = 4; lastKnownFileType = sourcecode.swift; path = MainNavigationController.swift; sourceTree = "<group>"; };
		176E1CCD1A8E246900C3E4FD /* GuardiansWorldButtonPrototype.app */ = {isa = PBXFileReference; explicitFileType = wrapper.application; includeInIndex = 0; path = GuardiansWorldButtonPrototype.app; sourceTree = BUILT_PRODUCTS_DIR; };
		176E1CD11A8E246900C3E4FD /* Info.plist */ = {isa = PBXFileReference; lastKnownFileType = text.plist.xml; path = Info.plist; sourceTree = "<group>"; };
		176E1CD21A8E246900C3E4FD /* AppDelegate.swift */ = {isa = PBXFileReference; lastKnownFileType = sourcecode.swift; path = AppDelegate.swift; sourceTree = "<group>"; };
		176E1CD41A8E246900C3E4FD /* ViewController.swift */ = {isa = PBXFileReference; lastKnownFileType = sourcecode.swift; path = ViewController.swift; sourceTree = "<group>"; };
		176E1CD71A8E246900C3E4FD /* Base */ = {isa = PBXFileReference; lastKnownFileType = file.storyboard; name = Base; path = Base.lproj/Main.storyboard; sourceTree = "<group>"; };
		176E1CD91A8E246900C3E4FD /* Images.xcassets */ = {isa = PBXFileReference; lastKnownFileType = folder.assetcatalog; path = Images.xcassets; sourceTree = "<group>"; };
		176E1CDC1A8E246900C3E4FD /* Base */ = {isa = PBXFileReference; lastKnownFileType = file.xib; name = Base; path = Base.lproj/LaunchScreen.xib; sourceTree = "<group>"; };
		176E1CE21A8E246900C3E4FD /* GuardiansWorldButtonPrototypeTests.xctest */ = {isa = PBXFileReference; explicitFileType = wrapper.cfbundle; includeInIndex = 0; path = GuardiansWorldButtonPrototypeTests.xctest; sourceTree = BUILT_PRODUCTS_DIR; };
		176E1CE71A8E246900C3E4FD /* Info.plist */ = {isa = PBXFileReference; lastKnownFileType = text.plist.xml; path = Info.plist; sourceTree = "<group>"; };
		176E1CE81A8E246900C3E4FD /* GuardiansWorldButtonPrototypeTests.swift */ = {isa = PBXFileReference; lastKnownFileType = sourcecode.swift; path = GuardiansWorldButtonPrototypeTests.swift; sourceTree = "<group>"; };
		176E1CF21A8E414900C3E4FD /* MenuTableViewController.swift */ = {isa = PBXFileReference; fileEncoding = 4; lastKnownFileType = sourcecode.swift; path = MenuTableViewController.swift; sourceTree = "<group>"; };
		176E1CF41A8E458100C3E4FD /* MenuItemCell.swift */ = {isa = PBXFileReference; fileEncoding = 4; lastKnownFileType = sourcecode.swift; path = MenuItemCell.swift; sourceTree = "<group>"; };
		176E1CF81A8E4E7B00C3E4FD /* MenuItemModel.swift */ = {isa = PBXFileReference; fileEncoding = 4; lastKnownFileType = sourcecode.swift; path = MenuItemModel.swift; sourceTree = "<group>"; };
		5C87E6631A9B4A38003CC587 /* MainMenuViewController.swift */ = {isa = PBXFileReference; fileEncoding = 4; lastKnownFileType = sourcecode.swift; path = MainMenuViewController.swift; sourceTree = "<group>"; };
		5C87E6651A9B7AB7003CC587 /* TopicTableHandler.swift */ = {isa = PBXFileReference; fileEncoding = 4; lastKnownFileType = sourcecode.swift; path = TopicTableHandler.swift; sourceTree = "<group>"; };
		5CD97CF91A9213AD00E1E880 /* ks1.jpg */ = {isa = PBXFileReference; lastKnownFileType = image.jpeg; path = ks1.jpg; sourceTree = "<group>"; };
		5CD97CFC1A92231B00E1E880 /* five.png */ = {isa = PBXFileReference; lastKnownFileType = image.png; path = five.png; sourceTree = "<group>"; };
		5CD97CFD1A92231B00E1E880 /* four.png */ = {isa = PBXFileReference; lastKnownFileType = image.png; path = four.png; sourceTree = "<group>"; };
		5CD97CFE1A92231B00E1E880 /* one.png */ = {isa = PBXFileReference; lastKnownFileType = image.png; path = one.png; sourceTree = "<group>"; };
		5CD97CFF1A92231B00E1E880 /* six.png */ = {isa = PBXFileReference; lastKnownFileType = image.png; path = six.png; sourceTree = "<group>"; };
		5CD97D001A92231B00E1E880 /* three.png */ = {isa = PBXFileReference; lastKnownFileType = image.png; path = three.png; sourceTree = "<group>"; };
		5CD97D011A92231B00E1E880 /* two.png */ = {isa = PBXFileReference; lastKnownFileType = image.png; path = two.png; sourceTree = "<group>"; };
		5CD97D081A92251700E1E880 /* seven.png */ = {isa = PBXFileReference; lastKnownFileType = image.png; path = seven.png; sourceTree = "<group>"; };
		5CD97D0A1A92252200E1E880 /* eight.png */ = {isa = PBXFileReference; lastKnownFileType = image.png; path = eight.png; sourceTree = "<group>"; };
		5CD97D0C1A92252900E1E880 /* nine.png */ = {isa = PBXFileReference; lastKnownFileType = image.png; path = nine.png; sourceTree = "<group>"; };
		5CD97D0E1A925D0200E1E880 /* TopicCell.swift */ = {isa = PBXFileReference; fileEncoding = 4; lastKnownFileType = sourcecode.swift; path = TopicCell.swift; sourceTree = "<group>"; };
		5CD97D101A925E9900E1E880 /* TopicTableTableViewController.swift */ = {isa = PBXFileReference; fileEncoding = 4; lastKnownFileType = sourcecode.swift; path = TopicTableTableViewController.swift; sourceTree = "<group>"; };
		5CD97D121A925ED600E1E880 /* TopicModel.swift */ = {isa = PBXFileReference; fileEncoding = 4; lastKnownFileType = sourcecode.swift; path = TopicModel.swift; sourceTree = "<group>"; };
		5CD97D141A935B1700E1E880 /* TopicViewController.swift */ = {isa = PBXFileReference; fileEncoding = 4; lastKnownFileType = sourcecode.swift; path = TopicViewController.swift; sourceTree = "<group>"; };
		5CD97D171A95FFA500E1E880 /* Dogs3.jpg */ = {isa = PBXFileReference; lastKnownFileType = image.jpeg; path = Dogs3.jpg; sourceTree = "<group>"; };
		5CD97D181A95FFA500E1E880 /* Dogs4.jpg */ = {isa = PBXFileReference; lastKnownFileType = image.jpeg; path = Dogs4.jpg; sourceTree = "<group>"; };
		5CD97D191A95FFA500E1E880 /* Dogs1.jpg */ = {isa = PBXFileReference; lastKnownFileType = image.jpeg; path = Dogs1.jpg; sourceTree = "<group>"; };
		5CD97D1A1A95FFA500E1E880 /* Dogs2.jpg */ = {isa = PBXFileReference; lastKnownFileType = image.jpeg; path = Dogs2.jpg; sourceTree = "<group>"; };
		5CD97D1B1A95FFA500E1E880 /* Dogs5.jpg */ = {isa = PBXFileReference; lastKnownFileType = image.jpeg; path = Dogs5.jpg; sourceTree = "<group>"; };
		5CD97D1D1A95FFA500E1E880 /* Dogs6.jpg */ = {isa = PBXFileReference; lastKnownFileType = image.jpeg; path = Dogs6.jpg; sourceTree = "<group>"; };
		5CD97D251A961DC200E1E880 /* SlidingButtonMenuViewController.swift */ = {isa = PBXFileReference; fileEncoding = 4; lastKnownFileType = sourcecode.swift; path = SlidingButtonMenuViewController.swift; sourceTree = "<group>"; };
/* End PBXFileReference section */

/* Begin PBXFrameworksBuildPhase section */
		176E1CCA1A8E246900C3E4FD /* Frameworks */ = {
			isa = PBXFrameworksBuildPhase;
			buildActionMask = 2147483647;
			files = (
			);
			runOnlyForDeploymentPostprocessing = 0;
		};
		176E1CDF1A8E246900C3E4FD /* Frameworks */ = {
			isa = PBXFrameworksBuildPhase;
			buildActionMask = 2147483647;
			files = (
			);
			runOnlyForDeploymentPostprocessing = 0;
		};
/* End PBXFrameworksBuildPhase section */

/* Begin PBXGroup section */
		176E1CC41A8E246900C3E4FD = {
			isa = PBXGroup;
			children = (
				176E1CCF1A8E246900C3E4FD /* GuardiansWorldButtonPrototype */,
				176E1CE51A8E246900C3E4FD /* GuardiansWorldButtonPrototypeTests */,
				176E1CCE1A8E246900C3E4FD /* Products */,
			);
			sourceTree = "<group>";
		};
		176E1CCE1A8E246900C3E4FD /* Products */ = {
			isa = PBXGroup;
			children = (
				176E1CCD1A8E246900C3E4FD /* GuardiansWorldButtonPrototype.app */,
				176E1CE21A8E246900C3E4FD /* GuardiansWorldButtonPrototypeTests.xctest */,
			);
			name = Products;
			sourceTree = "<group>";
		};
		176E1CCF1A8E246900C3E4FD /* GuardiansWorldButtonPrototype */ = {
			isa = PBXGroup;
			children = (
				176E1CD21A8E246900C3E4FD /* AppDelegate.swift */,
				173F04CD1AA0BCA200DAAB60 /* ArrayExtensions.swift */,
				176E1CD41A8E246900C3E4FD /* ViewController.swift */,
				176E1CF41A8E458100C3E4FD /* MenuItemCell.swift */,
				17392E141AA0DFDF00304102 /* MenuHeaderCell.swift */,
				176E1CF81A8E4E7B00C3E4FD /* MenuItemModel.swift */,
				5CD97D0E1A925D0200E1E880 /* TopicCell.swift */,
				5CD97D121A925ED600E1E880 /* TopicModel.swift */,
				173F04CF1AA0C3B400DAAB60 /* MainNavigationController.swift */,
				5C87E6631A9B4A38003CC587 /* MainMenuViewController.swift */,
				176E1CF21A8E414900C3E4FD /* MenuTableViewController.swift */,
				5CD97D101A925E9900E1E880 /* TopicTableTableViewController.swift */,
				5CD97D141A935B1700E1E880 /* TopicViewController.swift */,
				5CD97D251A961DC200E1E880 /* SlidingButtonMenuViewController.swift */,
				5C87E6651A9B7AB7003CC587 /* TopicTableHandler.swift */,
				176E1CD61A8E246900C3E4FD /* Main.storyboard */,
				176E1CD91A8E246900C3E4FD /* Images.xcassets */,
				176E1CDB1A8E246900C3E4FD /* LaunchScreen.xib */,
				176E1CD01A8E246900C3E4FD /* Supporting Files */,
			);
			path = GuardiansWorldButtonPrototype;
			sourceTree = "<group>";
		};
		176E1CD01A8E246900C3E4FD /* Supporting Files */ = {
			isa = PBXGroup;
			children = (
				5CD97D161A95FF7500E1E880 /* Dogs */,
				5CD97CFB1A92230700E1E880 /* YearNumbers */,
				5CD97CF91A9213AD00E1E880 /* ks1.jpg */,
				176E1CD11A8E246900C3E4FD /* Info.plist */,
			);
			name = "Supporting Files";
			sourceTree = "<group>";
		};
		176E1CE51A8E246900C3E4FD /* GuardiansWorldButtonPrototypeTests */ = {
			isa = PBXGroup;
			children = (
				176E1CE81A8E246900C3E4FD /* GuardiansWorldButtonPrototypeTests.swift */,
				176E1CE61A8E246900C3E4FD /* Supporting Files */,
			);
			path = GuardiansWorldButtonPrototypeTests;
			sourceTree = "<group>";
		};
		176E1CE61A8E246900C3E4FD /* Supporting Files */ = {
			isa = PBXGroup;
			children = (
				176E1CE71A8E246900C3E4FD /* Info.plist */,
			);
			name = "Supporting Files";
			sourceTree = "<group>";
		};
		5CD97CFB1A92230700E1E880 /* YearNumbers */ = {
			isa = PBXGroup;
			children = (
				5CD97CFE1A92231B00E1E880 /* one.png */,
				5CD97D011A92231B00E1E880 /* two.png */,
				5CD97D001A92231B00E1E880 /* three.png */,
				5CD97CFD1A92231B00E1E880 /* four.png */,
				5CD97CFC1A92231B00E1E880 /* five.png */,
				5CD97CFF1A92231B00E1E880 /* six.png */,
				5CD97D081A92251700E1E880 /* seven.png */,
				5CD97D0A1A92252200E1E880 /* eight.png */,
				5CD97D0C1A92252900E1E880 /* nine.png */,
			);
			name = YearNumbers;
			sourceTree = "<group>";
		};
		5CD97D161A95FF7500E1E880 /* Dogs */ = {
			isa = PBXGroup;
			children = (
				5CD97D191A95FFA500E1E880 /* Dogs1.jpg */,
				5CD97D1A1A95FFA500E1E880 /* Dogs2.jpg */,
				5CD97D171A95FFA500E1E880 /* Dogs3.jpg */,
				5CD97D181A95FFA500E1E880 /* Dogs4.jpg */,
				5CD97D1B1A95FFA500E1E880 /* Dogs5.jpg */,
				5CD97D1D1A95FFA500E1E880 /* Dogs6.jpg */,
			);
			name = Dogs;
			sourceTree = "<group>";
		};
/* End PBXGroup section */

/* Begin PBXNativeTarget section */
		176E1CCC1A8E246900C3E4FD /* GuardiansWorldButtonPrototype */ = {
			isa = PBXNativeTarget;
			buildConfigurationList = 176E1CEC1A8E246900C3E4FD /* Build configuration list for PBXNativeTarget "GuardiansWorldButtonPrototype" */;
			buildPhases = (
				176E1CC91A8E246900C3E4FD /* Sources */,
				176E1CCA1A8E246900C3E4FD /* Frameworks */,
				176E1CCB1A8E246900C3E4FD /* Resources */,
			);
			buildRules = (
			);
			dependencies = (
			);
			name = GuardiansWorldButtonPrototype;
			productName = GuardiansWorldButtonPrototype;
			productReference = 176E1CCD1A8E246900C3E4FD /* GuardiansWorldButtonPrototype.app */;
			productType = "com.apple.product-type.application";
		};
		176E1CE11A8E246900C3E4FD /* GuardiansWorldButtonPrototypeTests */ = {
			isa = PBXNativeTarget;
			buildConfigurationList = 176E1CEF1A8E246900C3E4FD /* Build configuration list for PBXNativeTarget "GuardiansWorldButtonPrototypeTests" */;
			buildPhases = (
				176E1CDE1A8E246900C3E4FD /* Sources */,
				176E1CDF1A8E246900C3E4FD /* Frameworks */,
				176E1CE01A8E246900C3E4FD /* Resources */,
			);
			buildRules = (
			);
			dependencies = (
				176E1CE41A8E246900C3E4FD /* PBXTargetDependency */,
			);
			name = GuardiansWorldButtonPrototypeTests;
			productName = GuardiansWorldButtonPrototypeTests;
			productReference = 176E1CE21A8E246900C3E4FD /* GuardiansWorldButtonPrototypeTests.xctest */;
			productType = "com.apple.product-type.bundle.unit-test";
		};
/* End PBXNativeTarget section */

/* Begin PBXProject section */
		176E1CC51A8E246900C3E4FD /* Project object */ = {
			isa = PBXProject;
			attributes = {
				LastUpgradeCheck = 0610;
				ORGANIZATIONNAME = "United Learning";
				TargetAttributes = {
					176E1CCC1A8E246900C3E4FD = {
						CreatedOnToolsVersion = 6.1.1;
					};
					176E1CE11A8E246900C3E4FD = {
						CreatedOnToolsVersion = 6.1.1;
						TestTargetID = 176E1CCC1A8E246900C3E4FD;
					};
				};
			};
			buildConfigurationList = 176E1CC81A8E246900C3E4FD /* Build configuration list for PBXProject "GuardiansWorldButtonPrototype" */;
			compatibilityVersion = "Xcode 3.2";
			developmentRegion = English;
			hasScannedForEncodings = 0;
			knownRegions = (
				en,
				Base,
			);
			mainGroup = 176E1CC41A8E246900C3E4FD;
			productRefGroup = 176E1CCE1A8E246900C3E4FD /* Products */;
			projectDirPath = "";
			projectRoot = "";
			targets = (
				176E1CCC1A8E246900C3E4FD /* GuardiansWorldButtonPrototype */,
				176E1CE11A8E246900C3E4FD /* GuardiansWorldButtonPrototypeTests */,
			);
		};
/* End PBXProject section */

/* Begin PBXResourcesBuildPhase section */
		176E1CCB1A8E246900C3E4FD /* Resources */ = {
			isa = PBXResourcesBuildPhase;
			buildActionMask = 2147483647;
			files = (
				5CD97D1E1A95FFA500E1E880 /* Dogs3.jpg in Resources */,
				5CD97D091A92251700E1E880 /* seven.png in Resources */,
				5CD97D201A95FFA500E1E880 /* Dogs1.jpg in Resources */,
				176E1CD81A8E246900C3E4FD /* Main.storyboard in Resources */,
				5CD97D241A95FFA500E1E880 /* Dogs6.jpg in Resources */,
				5CD97D021A92231B00E1E880 /* five.png in Resources */,
				5CD97CFA1A9213AD00E1E880 /* ks1.jpg in Resources */,
				5CD97D1F1A95FFA500E1E880 /* Dogs4.jpg in Resources */,
				176E1CDD1A8E246900C3E4FD /* LaunchScreen.xib in Resources */,
				5CD97D0B1A92252200E1E880 /* eight.png in Resources */,
				176E1CDA1A8E246900C3E4FD /* Images.xcassets in Resources */,
				5CD97D0D1A92252900E1E880 /* nine.png in Resources */,
				5CD97D211A95FFA500E1E880 /* Dogs2.jpg in Resources */,
				5CD97D041A92231B00E1E880 /* one.png in Resources */,
				5CD97D051A92231B00E1E880 /* six.png in Resources */,
				5CD97D221A95FFA500E1E880 /* Dogs5.jpg in Resources */,
				5CD97D031A92231B00E1E880 /* four.png in Resources */,
				5CD97D071A92231B00E1E880 /* two.png in Resources */,
				5CD97D061A92231B00E1E880 /* three.png in Resources */,
			);
			runOnlyForDeploymentPostprocessing = 0;
		};
		176E1CE01A8E246900C3E4FD /* Resources */ = {
			isa = PBXResourcesBuildPhase;
			buildActionMask = 2147483647;
			files = (
			);
			runOnlyForDeploymentPostprocessing = 0;
		};
/* End PBXResourcesBuildPhase section */

/* Begin PBXSourcesBuildPhase section */
		176E1CC91A8E246900C3E4FD /* Sources */ = {
			isa = PBXSourcesBuildPhase;
			buildActionMask = 2147483647;
			files = (
				173F04CE1AA0BCA200DAAB60 /* ArrayExtensions.swift in Sources */,
				176E1CD51A8E246900C3E4FD /* ViewController.swift in Sources */,
				5CD97D111A925E9900E1E880 /* TopicTableTableViewController.swift in Sources */,
				5C87E6641A9B4A38003CC587 /* MainMenuViewController.swift in Sources */,
				173F04D01AA0C3B400DAAB60 /* MainNavigationController.swift in Sources */,
				5CD97D0F1A925D0200E1E880 /* TopicCell.swift in Sources */,
				5CD97D131A925ED600E1E880 /* TopicModel.swift in Sources */,
				5CD97D261A961DC200E1E880 /* SlidingButtonMenuViewController.swift in Sources */,
				176E1CD31A8E246900C3E4FD /* AppDelegate.swift in Sources */,
				17392E151AA0DFDF00304102 /* MenuHeaderCell.swift in Sources */,
				176E1CF51A8E458100C3E4FD /* MenuItemCell.swift in Sources */,
				176E1CF31A8E414900C3E4FD /* MenuTableViewController.swift in Sources */,
				176E1CF91A8E4E7B00C3E4FD /* MenuItemModel.swift in Sources */,
				5CD97D151A935B1700E1E880 /* TopicViewController.swift in Sources */,
				5C87E6661A9B7AB7003CC587 /* TopicTableHandler.swift in Sources */,
			);
			runOnlyForDeploymentPostprocessing = 0;
		};
		176E1CDE1A8E246900C3E4FD /* Sources */ = {
			isa = PBXSourcesBuildPhase;
			buildActionMask = 2147483647;
			files = (
				176E1CE91A8E246900C3E4FD /* GuardiansWorldButtonPrototypeTests.swift in Sources */,
			);
			runOnlyForDeploymentPostprocessing = 0;
		};
/* End PBXSourcesBuildPhase section */

/* Begin PBXTargetDependency section */
		176E1CE41A8E246900C3E4FD /* PBXTargetDependency */ = {
			isa = PBXTargetDependency;
			target = 176E1CCC1A8E246900C3E4FD /* GuardiansWorldButtonPrototype */;
			targetProxy = 176E1CE31A8E246900C3E4FD /* PBXContainerItemProxy */;
		};
/* End PBXTargetDependency section */

/* Begin PBXVariantGroup section */
		176E1CD61A8E246900C3E4FD /* Main.storyboard */ = {
			isa = PBXVariantGroup;
			children = (
				176E1CD71A8E246900C3E4FD /* Base */,
			);
			name = Main.storyboard;
			sourceTree = "<group>";
		};
		176E1CDB1A8E246900C3E4FD /* LaunchScreen.xib */ = {
			isa = PBXVariantGroup;
			children = (
				176E1CDC1A8E246900C3E4FD /* Base */,
			);
			name = LaunchScreen.xib;
			sourceTree = "<group>";
		};
/* End PBXVariantGroup section */

/* Begin XCBuildConfiguration section */
		176E1CEA1A8E246900C3E4FD /* Debug */ = {
			isa = XCBuildConfiguration;
			buildSettings = {
				ALWAYS_SEARCH_USER_PATHS = NO;
				CLANG_CXX_LANGUAGE_STANDARD = "gnu++0x";
				CLANG_CXX_LIBRARY = "libc++";
				CLANG_ENABLE_MODULES = YES;
				CLANG_ENABLE_OBJC_ARC = YES;
				CLANG_WARN_BOOL_CONVERSION = YES;
				CLANG_WARN_CONSTANT_CONVERSION = YES;
				CLANG_WARN_DIRECT_OBJC_ISA_USAGE = YES_ERROR;
				CLANG_WARN_EMPTY_BODY = YES;
				CLANG_WARN_ENUM_CONVERSION = YES;
				CLANG_WARN_INT_CONVERSION = YES;
				CLANG_WARN_OBJC_ROOT_CLASS = YES_ERROR;
				CLANG_WARN_UNREACHABLE_CODE = YES;
				CLANG_WARN__DUPLICATE_METHOD_MATCH = YES;
				"CODE_SIGN_IDENTITY[sdk=iphoneos*]" = "iPhone Developer";
				COPY_PHASE_STRIP = NO;
				ENABLE_STRICT_OBJC_MSGSEND = YES;
				GCC_C_LANGUAGE_STANDARD = gnu99;
				GCC_DYNAMIC_NO_PIC = NO;
				GCC_OPTIMIZATION_LEVEL = 0;
				GCC_PREPROCESSOR_DEFINITIONS = (
					"DEBUG=1",
					"$(inherited)",
				);
				GCC_SYMBOLS_PRIVATE_EXTERN = NO;
				GCC_WARN_64_TO_32_BIT_CONVERSION = YES;
				GCC_WARN_ABOUT_RETURN_TYPE = YES_ERROR;
				GCC_WARN_UNDECLARED_SELECTOR = YES;
				GCC_WARN_UNINITIALIZED_AUTOS = YES_AGGRESSIVE;
				GCC_WARN_UNUSED_FUNCTION = YES;
				GCC_WARN_UNUSED_VARIABLE = YES;
				IPHONEOS_DEPLOYMENT_TARGET = 8.1;
				MTL_ENABLE_DEBUG_INFO = YES;
				ONLY_ACTIVE_ARCH = YES;
				SDKROOT = iphoneos;
				SWIFT_OPTIMIZATION_LEVEL = "-Onone";
				TARGETED_DEVICE_FAMILY = "1,2";
			};
			name = Debug;
		};
		176E1CEB1A8E246900C3E4FD /* Release */ = {
			isa = XCBuildConfiguration;
			buildSettings = {
				ALWAYS_SEARCH_USER_PATHS = NO;
				CLANG_CXX_LANGUAGE_STANDARD = "gnu++0x";
				CLANG_CXX_LIBRARY = "libc++";
				CLANG_ENABLE_MODULES = YES;
				CLANG_ENABLE_OBJC_ARC = YES;
				CLANG_WARN_BOOL_CONVERSION = YES;
				CLANG_WARN_CONSTANT_CONVERSION = YES;
				CLANG_WARN_DIRECT_OBJC_ISA_USAGE = YES_ERROR;
				CLANG_WARN_EMPTY_BODY = YES;
				CLANG_WARN_ENUM_CONVERSION = YES;
				CLANG_WARN_INT_CONVERSION = YES;
				CLANG_WARN_OBJC_ROOT_CLASS = YES_ERROR;
				CLANG_WARN_UNREACHABLE_CODE = YES;
				CLANG_WARN__DUPLICATE_METHOD_MATCH = YES;
				"CODE_SIGN_IDENTITY[sdk=iphoneos*]" = "iPhone Developer";
				COPY_PHASE_STRIP = YES;
				ENABLE_NS_ASSERTIONS = NO;
				ENABLE_STRICT_OBJC_MSGSEND = YES;
				GCC_C_LANGUAGE_STANDARD = gnu99;
				GCC_WARN_64_TO_32_BIT_CONVERSION = YES;
				GCC_WARN_ABOUT_RETURN_TYPE = YES_ERROR;
				GCC_WARN_UNDECLARED_SELECTOR = YES;
				GCC_WARN_UNINITIALIZED_AUTOS = YES_AGGRESSIVE;
				GCC_WARN_UNUSED_FUNCTION = YES;
				GCC_WARN_UNUSED_VARIABLE = YES;
				IPHONEOS_DEPLOYMENT_TARGET = 8.1;
				MTL_ENABLE_DEBUG_INFO = NO;
				SDKROOT = iphoneos;
				TARGETED_DEVICE_FAMILY = "1,2";
				VALIDATE_PRODUCT = YES;
			};
			name = Release;
		};
		176E1CED1A8E246900C3E4FD /* Debug */ = {
			isa = XCBuildConfiguration;
			buildSettings = {
				ASSETCATALOG_COMPILER_APPICON_NAME = AppIcon;
				INFOPLIST_FILE = GuardiansWorldButtonPrototype/Info.plist;
				LD_RUNPATH_SEARCH_PATHS = "$(inherited) @executable_path/Frameworks";
				PRODUCT_NAME = "$(TARGET_NAME)";
			};
			name = Debug;
		};
		176E1CEE1A8E246900C3E4FD /* Release */ = {
			isa = XCBuildConfiguration;
			buildSettings = {
				ASSETCATALOG_COMPILER_APPICON_NAME = AppIcon;
				INFOPLIST_FILE = GuardiansWorldButtonPrototype/Info.plist;
				LD_RUNPATH_SEARCH_PATHS = "$(inherited) @executable_path/Frameworks";
				PRODUCT_NAME = "$(TARGET_NAME)";
			};
			name = Release;
		};
		176E1CF01A8E246900C3E4FD /* Debug */ = {
			isa = XCBuildConfiguration;
			buildSettings = {
				BUNDLE_LOADER = "$(TEST_HOST)";
				FRAMEWORK_SEARCH_PATHS = (
					"$(SDKROOT)/Developer/Library/Frameworks",
					"$(inherited)",
				);
				GCC_PREPROCESSOR_DEFINITIONS = (
					"DEBUG=1",
					"$(inherited)",
				);
				INFOPLIST_FILE = GuardiansWorldButtonPrototypeTests/Info.plist;
				LD_RUNPATH_SEARCH_PATHS = "$(inherited) @executable_path/Frameworks @loader_path/Frameworks";
				PRODUCT_NAME = "$(TARGET_NAME)";
				TEST_HOST = "$(BUILT_PRODUCTS_DIR)/GuardiansWorldButtonPrototype.app/GuardiansWorldButtonPrototype";
			};
			name = Debug;
		};
		176E1CF11A8E246900C3E4FD /* Release */ = {
			isa = XCBuildConfiguration;
			buildSettings = {
				BUNDLE_LOADER = "$(TEST_HOST)";
				FRAMEWORK_SEARCH_PATHS = (
					"$(SDKROOT)/Developer/Library/Frameworks",
					"$(inherited)",
				);
				INFOPLIST_FILE = GuardiansWorldButtonPrototypeTests/Info.plist;
				LD_RUNPATH_SEARCH_PATHS = "$(inherited) @executable_path/Frameworks @loader_path/Frameworks";
				PRODUCT_NAME = "$(TARGET_NAME)";
				TEST_HOST = "$(BUILT_PRODUCTS_DIR)/GuardiansWorldButtonPrototype.app/GuardiansWorldButtonPrototype";
			};
			name = Release;
		};
/* End XCBuildConfiguration section */

/* Begin XCConfigurationList section */
		176E1CC81A8E246900C3E4FD /* Build configuration list for PBXProject "GuardiansWorldButtonPrototype" */ = {
			isa = XCConfigurationList;
			buildConfigurations = (
				176E1CEA1A8E246900C3E4FD /* Debug */,
				176E1CEB1A8E246900C3E4FD /* Release */,
			);
			defaultConfigurationIsVisible = 0;
			defaultConfigurationName = Release;
		};
		176E1CEC1A8E246900C3E4FD /* Build configuration list for PBXNativeTarget "GuardiansWorldButtonPrototype" */ = {
			isa = XCConfigurationList;
			buildConfigurations = (
				176E1CED1A8E246900C3E4FD /* Debug */,
				176E1CEE1A8E246900C3E4FD /* Release */,
			);
			defaultConfigurationIsVisible = 0;
			defaultConfigurationName = Release;
		};
		176E1CEF1A8E246900C3E4FD /* Build configuration list for PBXNativeTarget "GuardiansWorldButtonPrototypeTests" */ = {
			isa = XCConfigurationList;
			buildConfigurations = (
				176E1CF01A8E246900C3E4FD /* Debug */,
				176E1CF11A8E246900C3E4FD /* Release */,
			);
			defaultConfigurationIsVisible = 0;
			defaultConfigurationName = Release;
		};
/* End XCConfigurationList section */
	};
	rootObject = 176E1CC51A8E246900C3E4FD /* Project object */;
}
