// !$*UTF8*$!
{
	archiveVersion = 1;
	classes = {
	};
	objectVersion = 46;
	objects = {

/* Begin PBXBuildFile section */
		176E1CD31A8E246900C3E4FD /* AppDelegate.swift in Sources */ = {isa = PBXBuildFile; fileRef = 176E1CD21A8E246900C3E4FD /* AppDelegate.swift */; };
		176E1CD51A8E246900C3E4FD /* ViewController.swift in Sources */ = {isa = PBXBuildFile; fileRef = 176E1CD41A8E246900C3E4FD /* ViewController.swift */; };
		176E1CD81A8E246900C3E4FD /* Main.storyboard in Resources */ = {isa = PBXBuildFile; fileRef = 176E1CD61A8E246900C3E4FD /* Main.storyboard */; };
		176E1CDA1A8E246900C3E4FD /* Images.xcassets in Resources */ = {isa = PBXBuildFile; fileRef = 176E1CD91A8E246900C3E4FD /* Images.xcassets */; };
		176E1CDD1A8E246900C3E4FD /* LaunchScreen.xib in Resources */ = {isa = PBXBuildFile; fileRef = 176E1CDB1A8E246900C3E4FD /* LaunchScreen.xib */; };
		176E1CE91A8E246900C3E4FD /* GuardiansWorldButtonPrototypeTests.swift in Sources */ = {isa = PBXBuildFile; fileRef = 176E1CE81A8E246900C3E4FD /* GuardiansWorldButtonPrototypeTests.swift */; };
/* End PBXBuildFile section */

/* Begin PBXContainerItemProxy section */
		176E1CE31A8E246900C3E4FD /* PBXContainerItemProxy */ = {
			isa = PBXContainerItemProxy;
			containerPortal = 176E1CC51A8E246900C3E4FD /* Project object */;
			proxyType = 1;
			remoteGlobalIDString = 176E1CCC1A8E246900C3E4FD;
			remoteInfo = GuardiansWorldButtonPrototype;
		};
/* End PBXContainerItemProxy section */

/* Begin PBXFileReference section */
		176E1CCD1A8E246900C3E4FD /* GuardiansWorldButtonPrototype.app */ = {isa = PBXFileReference; explicitFileType = wrapper.application; includeInIndex = 0; path = GuardiansWorldButtonPrototype.app; sourceTree = BUILT_PRODUCTS_DIR; };
		176E1CD11A8E246900C3E4FD /* Info.plist */ = {isa = PBXFileReference; lastKnownFileType = text.plist.xml; path = Info.plist; sourceTree = "<group>"; };
		176E1CD21A8E246900C3E4FD /* AppDelegate.swift */ = {isa = PBXFileReference; lastKnownFileType = sourcecode.swift; path = AppDelegate.swift; sourceTree = "<group>"; };
		176E1CD41A8E246900C3E4FD /* ViewController.swift */ = {isa = PBXFileReference; lastKnownFileType = sourcecode.swift; path = ViewController.swift; sourceTree = "<group>"; };
		176E1CD71A8E246900C3E4FD /* Base */ = {isa = PBXFileReference; lastKnownFileType = file.storyboard; name = Base; path = Base.lproj/Main.storyboard; sourceTree = "<group>"; };
		176E1CD91A8E246900C3E4FD /* Images.xcassets */ = {isa = PBXFileReference; lastKnownFileType = folder.assetcatalog; path = Images.xcassets; sourceTree = "<group>"; };
		176E1CDC1A8E246900C3E4FD /* Base */ = {isa = PBXFileReference; lastKnownFileType = file.xib; name = Base; path = Base.lproj/LaunchScreen.xib; sourceTree = "<group>"; };
		176E1CE21A8E246900C3E4FD /* GuardiansWorldButtonPrototypeTests.xctest */ = {isa = PBXFileReference; explicitFileType = wrapper.cfbundle; includeInIndex = 0; path = GuardiansWorldButtonPrototypeTests.xctest; sourceTree = BUILT_PRODUCTS_DIR; };
		176E1CE71A8E246900C3E4FD /* Info.plist */ = {isa = PBXFileReference; lastKnownFileType = text.plist.xml; path = Info.plist; sourceTree = "<group>"; };
		176E1CE81A8E246900C3E4FD /* GuardiansWorldButtonPrototypeTests.swift */ = {isa = PBXFileReference; lastKnownFileType = sourcecode.swift; path = GuardiansWorldButtonPrototypeTests.swift; sourceTree = "<group>"; };
/* End PBXFileReference section */

/* Begin PBXFrameworksBuildPhase section */
		176E1CCA1A8E246900C3E4FD /* Frameworks */ = {
			isa = PBXFrameworksBuildPhase;
			buildActionMask = 2147483647;
			files = (
			);
			runOnlyForDeploymentPostprocessing = 0;
		};
		176E1CDF1A8E246900C3E4FD /* Frameworks */ = {
			isa = PBXFrameworksBuildPhase;
			buildActionMask = 2147483647;
			files = (
			);
			runOnlyForDeploymentPostprocessing = 0;
		};
/* End PBXFrameworksBuildPhase section */

/* Begin PBXGroup section */
		176E1CC41A8E246900C3E4FD = {
			isa = PBXGroup;
			children = (
				176E1CCF1A8E246900C3E4FD /* GuardiansWorldButtonPrototype */,
				176E1CE51A8E246900C3E4FD /* GuardiansWorldButtonPrototypeTests */,
				176E1CCE1A8E246900C3E4FD /* Products */,
			);
			sourceTree = "<group>";
		};
		176E1CCE1A8E246900C3E4FD /* Products */ = {
			isa = PBXGroup;
			children = (
				176E1CCD1A8E246900C3E4FD /* GuardiansWorldButtonPrototype.app */,
				176E1CE21A8E246900C3E4FD /* GuardiansWorldButtonPrototypeTests.xctest */,
			);
			name = Products;
			sourceTree = "<group>";
		};
		176E1CCF1A8E246900C3E4FD /* GuardiansWorldButtonPrototype */ = {
			isa = PBXGroup;
			children = (
				176E1CD21A8E246900C3E4FD /* AppDelegate.swift */,
				176E1CD41A8E246900C3E4FD /* ViewController.swift */,
				176E1CD61A8E246900C3E4FD /* Main.storyboard */,
				176E1CD91A8E246900C3E4FD /* Images.xcassets */,
				176E1CDB1A8E246900C3E4FD /* LaunchScreen.xib */,
				176E1CD01A8E246900C3E4FD /* Supporting Files */,
			);
			path = GuardiansWorldButtonPrototype;
			sourceTree = "<group>";
		};
		176E1CD01A8E246900C3E4FD /* Supporting Files */ = {
			isa = PBXGroup;
			children = (
				176E1CD11A8E246900C3E4FD /* Info.plist */,
			);
			name = "Supporting Files";
			sourceTree = "<group>";
		};
		176E1CE51A8E246900C3E4FD /* GuardiansWorldButtonPrototypeTests */ = {
			isa = PBXGroup;
			children = (
				176E1CE81A8E246900C3E4FD /* GuardiansWorldButtonPrototypeTests.swift */,
				176E1CE61A8E246900C3E4FD /* Supporting Files */,
			);
			path = GuardiansWorldButtonPrototypeTests;
			sourceTree = "<group>";
		};
		176E1CE61A8E246900C3E4FD /* Supporting Files */ = {
			isa = PBXGroup;
			children = (
				176E1CE71A8E246900C3E4FD /* Info.plist */,
			);
			name = "Supporting Files";
			sourceTree = "<group>";
		};
/* End PBXGroup section */

/* Begin PBXNativeTarget section */
		176E1CCC1A8E246900C3E4FD /* GuardiansWorldButtonPrototype */ = {
			isa = PBXNativeTarget;
			buildConfigurationList = 176E1CEC1A8E246900C3E4FD /* Build configuration list for PBXNativeTarget "GuardiansWorldButtonPrototype" */;
			buildPhases = (
				176E1CC91A8E246900C3E4FD /* Sources */,
				176E1CCA1A8E246900C3E4FD /* Frameworks */,
				176E1CCB1A8E246900C3E4FD /* Resources */,
			);
			buildRules = (
			);
			dependencies = (
			);
			name = GuardiansWorldButtonPrototype;
			productName = GuardiansWorldButtonPrototype;
			productReference = 176E1CCD1A8E246900C3E4FD /* GuardiansWorldButtonPrototype.app */;
			productType = "com.apple.product-type.application";
		};
		176E1CE11A8E246900C3E4FD /* GuardiansWorldButtonPrototypeTests */ = {
			isa = PBXNativeTarget;
			buildConfigurationList = 176E1CEF1A8E246900C3E4FD /* Build configuration list for PBXNativeTarget "GuardiansWorldButtonPrototypeTests" */;
			buildPhases = (
				176E1CDE1A8E246900C3E4FD /* Sources */,
				176E1CDF1A8E246900C3E4FD /* Frameworks */,
				176E1CE01A8E246900C3E4FD /* Resources */,
			);
			buildRules = (
			);
			dependencies = (
				176E1CE41A8E246900C3E4FD /* PBXTargetDependency */,
			);
			name = GuardiansWorldButtonPrototypeTests;
			productName = GuardiansWorldButtonPrototypeTests;
			productReference = 176E1CE21A8E246900C3E4FD /* GuardiansWorldButtonPrototypeTests.xctest */;
			productType = "com.apple.product-type.bundle.unit-test";
		};
/* End PBXNativeTarget section */

/* Begin PBXProject section */
		176E1CC51A8E246900C3E4FD /* Project object */ = {
			isa = PBXProject;
			attributes = {
				LastUpgradeCheck = 0610;
				ORGANIZATIONNAME = "United Learning";
				TargetAttributes = {
					176E1CCC1A8E246900C3E4FD = {
						CreatedOnToolsVersion = 6.1.1;
					};
					176E1CE11A8E246900C3E4FD = {
						CreatedOnToolsVersion = 6.1.1;
						TestTargetID = 176E1CCC1A8E246900C3E4FD;
					};
				};
			};
			buildConfigurationList = 176E1CC81A8E246900C3E4FD /* Build configuration list for PBXProject "GuardiansWorldButtonPrototype" */;
			compatibilityVersion = "Xcode 3.2";
			developmentRegion = English;
			hasScannedForEncodings = 0;
			knownRegions = (
				en,
				Base,
			);
			mainGroup = 176E1CC41A8E246900C3E4FD;
			productRefGroup = 176E1CCE1A8E246900C3E4FD /* Products */;
			projectDirPath = "";
			projectRoot = "";
			targets = (
				176E1CCC1A8E246900C3E4FD /* GuardiansWorldButtonPrototype */,
				176E1CE11A8E246900C3E4FD /* GuardiansWorldButtonPrototypeTests */,
			);
		};
/* End PBXProject section */

/* Begin PBXResourcesBuildPhase section */
		176E1CCB1A8E246900C3E4FD /* Resources */ = {
			isa = PBXResourcesBuildPhase;
			buildActionMask = 2147483647;
			files = (
				176E1CD81A8E246900C3E4FD /* Main.storyboard in Resources */,
				176E1CDD1A8E246900C3E4FD /* LaunchScreen.xib in Resources */,
				176E1CDA1A8E246900C3E4FD /* Images.xcassets in Resources */,
			);
			runOnlyForDeploymentPostprocessing = 0;
		};
		176E1CE01A8E246900C3E4FD /* Resources */ = {
			isa = PBXResourcesBuildPhase;
			buildActionMask = 2147483647;
			files = (
			);
			runOnlyForDeploymentPostprocessing = 0;
		};
/* End PBXResourcesBuildPhase section */

/* Begin PBXSourcesBuildPhase section */
		176E1CC91A8E246900C3E4FD /* Sources */ = {
			isa = PBXSourcesBuildPhase;
			buildActionMask = 2147483647;
			files = (
				176E1CD51A8E246900C3E4FD /* ViewController.swift in Sources */,
				176E1CD31A8E246900C3E4FD /* AppDelegate.swift in Sources */,
			);
			runOnlyForDeploymentPostprocessing = 0;
		};
		176E1CDE1A8E246900C3E4FD /* Sources */ = {
			isa = PBXSourcesBuildPhase;
			buildActionMask = 2147483647;
			files = (
				176E1CE91A8E246900C3E4FD /* GuardiansWorldButtonPrototypeTests.swift in Sources */,
			);
			runOnlyForDeploymentPostprocessing = 0;
		};
/* End PBXSourcesBuildPhase section */

/* Begin PBXTargetDependency section */
		176E1CE41A8E246900C3E4FD /* PBXTargetDependency */ = {
			isa = PBXTargetDependency;
			target = 176E1CCC1A8E246900C3E4FD /* GuardiansWorldButtonPrototype */;
			targetProxy = 176E1CE31A8E246900C3E4FD /* PBXContainerItemProxy */;
		};
/* End PBXTargetDependency section */

/* Begin PBXVariantGroup section */
		176E1CD61A8E246900C3E4FD /* Main.storyboard */ = {
			isa = PBXVariantGroup;
			children = (
				176E1CD71A8E246900C3E4FD /* Base */,
			);
			name = Main.storyboard;
			sourceTree = "<group>";
		};
		176E1CDB1A8E246900C3E4FD /* LaunchScreen.xib */ = {
			isa = PBXVariantGroup;
			children = (
				176E1CDC1A8E246900C3E4FD /* Base */,
			);
			name = LaunchScreen.xib;
			sourceTree = "<group>";
		};
/* End PBXVariantGroup section */

/* Begin XCBuildConfiguration section */
		176E1CEA1A8E246900C3E4FD /* Debug */ = {
			isa = XCBuildConfiguration;
			buildSettings = {
				ALWAYS_SEARCH_USER_PATHS = NO;
				CLANG_CXX_LANGUAGE_STANDARD = "gnu++0x";
				CLANG_CXX_LIBRARY = "libc++";
				CLANG_ENABLE_MODULES = YES;
				CLANG_ENABLE_OBJC_ARC = YES;
				CLANG_WARN_BOOL_CONVERSION = YES;
				CLANG_WARN_CONSTANT_CONVERSION = YES;
				CLANG_WARN_DIRECT_OBJC_ISA_USAGE = YES_ERROR;
				CLANG_WARN_EMPTY_BODY = YES;
				CLANG_WARN_ENUM_CONVERSION = YES;
				CLANG_WARN_INT_CONVERSION = YES;
				CLANG_WARN_OBJC_ROOT_CLASS = YES_ERROR;
				CLANG_WARN_UNREACHABLE_CODE = YES;
				CLANG_WARN__DUPLICATE_METHOD_MATCH = YES;
				"CODE_SIGN_IDENTITY[sdk=iphoneos*]" = "iPhone Developer";
				COPY_PHASE_STRIP = NO;
				ENABLE_STRICT_OBJC_MSGSEND = YES;
				GCC_C_LANGUAGE_STANDARD = gnu99;
				GCC_DYNAMIC_NO_PIC = NO;
				GCC_OPTIMIZATION_LEVEL = 0;
				GCC_PREPROCESSOR_DEFINITIONS = (
					"DEBUG=1",
					"$(inherited)",
				);
				GCC_SYMBOLS_PRIVATE_EXTERN = NO;
				GCC_WARN_64_TO_32_BIT_CONVERSION = YES;
				GCC_WARN_ABOUT_RETURN_TYPE = YES_ERROR;
				GCC_WARN_UNDECLARED_SELECTOR = YES;
				GCC_WARN_UNINITIALIZED_AUTOS = YES_AGGRESSIVE;
				GCC_WARN_UNUSED_FUNCTION = YES;
				GCC_WARN_UNUSED_VARIABLE = YES;
				IPHONEOS_DEPLOYMENT_TARGET = 8.1;
				MTL_ENABLE_DEBUG_INFO = YES;
				ONLY_ACTIVE_ARCH = YES;
				SDKROOT = iphoneos;
				SWIFT_OPTIMIZATION_LEVEL = "-Onone";
				TARGETED_DEVICE_FAMILY = "1,2";
			};
			name = Debug;
		};
		176E1CEB1A8E246900C3E4FD /* Release */ = {
			isa = XCBuildConfiguration;
			buildSettings = {
				ALWAYS_SEARCH_USER_PATHS = NO;
				CLANG_CXX_LANGUAGE_STANDARD = "gnu++0x";
				CLANG_CXX_LIBRARY = "libc++";
				CLANG_ENABLE_MODULES = YES;
				CLANG_ENABLE_OBJC_ARC = YES;
				CLANG_WARN_BOOL_CONVERSION = YES;
				CLANG_WARN_CONSTANT_CONVERSION = YES;
				CLANG_WARN_DIRECT_OBJC_ISA_USAGE = YES_ERROR;
				CLANG_WARN_EMPTY_BODY = YES;
				CLANG_WARN_ENUM_CONVERSION = YES;
				CLANG_WARN_INT_CONVERSION = YES;
				CLANG_WARN_OBJC_ROOT_CLASS = YES_ERROR;
				CLANG_WARN_UNREACHABLE_CODE = YES;
				CLANG_WARN__DUPLICATE_METHOD_MATCH = YES;
				"CODE_SIGN_IDENTITY[sdk=iphoneos*]" = "iPhone Developer";
				COPY_PHASE_STRIP = YES;
				ENABLE_NS_ASSERTIONS = NO;
				ENABLE_STRICT_OBJC_MSGSEND = YES;
				GCC_C_LANGUAGE_STANDARD = gnu99;
				GCC_WARN_64_TO_32_BIT_CONVERSION = YES;
				GCC_WARN_ABOUT_RETURN_TYPE = YES_ERROR;
				GCC_WARN_UNDECLARED_SELECTOR = YES;
				GCC_WARN_UNINITIALIZED_AUTOS = YES_AGGRESSIVE;
				GCC_WARN_UNUSED_FUNCTION = YES;
				GCC_WARN_UNUSED_VARIABLE = YES;
				IPHONEOS_DEPLOYMENT_TARGET = 8.1;
				MTL_ENABLE_DEBUG_INFO = NO;
				SDKROOT = iphoneos;
				TARGETED_DEVICE_FAMILY = "1,2";
				VALIDATE_PRODUCT = YES;
			};
			name = Release;
		};
		176E1CED1A8E246900C3E4FD /* Debug */ = {
			isa = XCBuildConfiguration;
			buildSettings = {
				ASSETCATALOG_COMPILER_APPICON_NAME = AppIcon;
				INFOPLIST_FILE = GuardiansWorldButtonPrototype/Info.plist;
				LD_RUNPATH_SEARCH_PATHS = "$(inherited) @executable_path/Frameworks";
				PRODUCT_NAME = "$(TARGET_NAME)";
			};
			name = Debug;
		};
		176E1CEE1A8E246900C3E4FD /* Release */ = {
			isa = XCBuildConfiguration;
			buildSettings = {
				ASSETCATALOG_COMPILER_APPICON_NAME = AppIcon;
				INFOPLIST_FILE = GuardiansWorldButtonPrototype/Info.plist;
				LD_RUNPATH_SEARCH_PATHS = "$(inherited) @executable_path/Frameworks";
				PRODUCT_NAME = "$(TARGET_NAME)";
			};
			name = Release;
		};
		176E1CF01A8E246900C3E4FD /* Debug */ = {
			isa = XCBuildConfiguration;
			buildSettings = {
				BUNDLE_LOADER = "$(TEST_HOST)";
				FRAMEWORK_SEARCH_PATHS = (
					"$(SDKROOT)/Developer/Library/Frameworks",
					"$(inherited)",
				);
				GCC_PREPROCESSOR_DEFINITIONS = (
					"DEBUG=1",
					"$(inherited)",
				);
				INFOPLIST_FILE = GuardiansWorldButtonPrototypeTests/Info.plist;
				LD_RUNPATH_SEARCH_PATHS = "$(inherited) @executable_path/Frameworks @loader_path/Frameworks";
				PRODUCT_NAME = "$(TARGET_NAME)";
				TEST_HOST = "$(BUILT_PRODUCTS_DIR)/GuardiansWorldButtonPrototype.app/GuardiansWorldButtonPrototype";
			};
			name = Debug;
		};
		176E1CF11A8E246900C3E4FD /* Release */ = {
			isa = XCBuildConfiguration;
			buildSettings = {
				BUNDLE_LOADER = "$(TEST_HOST)";
				FRAMEWORK_SEARCH_PATHS = (
					"$(SDKROOT)/Developer/Library/Frameworks",
					"$(inherited)",
				);
				INFOPLIST_FILE = GuardiansWorldButtonPrototypeTests/Info.plist;
				LD_RUNPATH_SEARCH_PATHS = "$(inherited) @executable_path/Frameworks @loader_path/Frameworks";
				PRODUCT_NAME = "$(TARGET_NAME)";
				TEST_HOST = "$(BUILT_PRODUCTS_DIR)/GuardiansWorldButtonPrototype.app/GuardiansWorldButtonPrototype";
			};
			name = Release;
		};
/* End XCBuildConfiguration section */

/* Begin XCConfigurationList section */
		176E1CC81A8E246900C3E4FD /* Build configuration list for PBXProject "GuardiansWorldButtonPrototype" */ = {
			isa = XCConfigurationList;
			buildConfigurations = (
				176E1CEA1A8E246900C3E4FD /* Debug */,
				176E1CEB1A8E246900C3E4FD /* Release */,
			);
			defaultConfigurationIsVisible = 0;
			defaultConfigurationName = Release;
		};
		176E1CEC1A8E246900C3E4FD /* Build configuration list for PBXNativeTarget "GuardiansWorldButtonPrototype" */ = {
			isa = XCConfigurationList;
			buildConfigurations = (
				176E1CED1A8E246900C3E4FD /* Debug */,
				176E1CEE1A8E246900C3E4FD /* Release */,
			);
			defaultConfigurationIsVisible = 0;
		};
		176E1CEF1A8E246900C3E4FD /* Build configuration list for PBXNativeTarget "GuardiansWorldButtonPrototypeTests" */ = {
			isa = XCConfigurationList;
			buildConfigurations = (
				176E1CF01A8E246900C3E4FD /* Debug */,
				176E1CF11A8E246900C3E4FD /* Release */,
			);
			defaultConfigurationIsVisible = 0;
		};
/* End XCConfigurationList section */
	};
	rootObject = 176E1CC51A8E246900C3E4FD /* Project object */;
}
